
Microsoft Visual Studio Solution File, Format Version 12.00
# Visual Studio 15
VisualStudioVersion = 15.0.26730.16
MinimumVisualStudioVersion = 10.0.40219.1
Project("{FAE04EC0-301F-11D3-BF4B-00C04F79EFBC}") = "ITDAngularJS", "ITDAngularJS\ITDAngularJS.csproj", "{927C915C-2F65-40BD-9019-49009A3EDEE0}"
EndProject
Global
	GlobalSection(SolutionConfigurationPlatforms) = preSolution
		Debug|Any CPU = Debug|Any CPU
		Release|Any CPU = Release|Any CPU
	EndGlobalSection
	GlobalSection(ProjectConfigurationPlatforms) = postSolution
		{927C915C-2F65-40BD-9019-49009A3EDEE0}.Debug|Any CPU.ActiveCfg = Debug|Any CPU
		{927C915C-2F65-40BD-9019-49009A3EDEE0}.Debug|Any CPU.Build.0 = Debug|Any CPU
		{927C915C-2F65-40BD-9019-49009A3EDEE0}.Release|Any CPU.ActiveCfg = Release|Any CPU
		{927C915C-2F65-40BD-9019-49009A3EDEE0}.Release|Any CPU.Build.0 = Release|Any CPU
	EndGlobalSection
	GlobalSection(SolutionProperties) = preSolution
		HideSolutionNode = FALSE
	EndGlobalSection
	GlobalSection(ExtensibilityGlobals) = postSolution
		SolutionGuid = {501FF98F-278A-4AE8-9A36-88D6E1F720BE}
	EndGlobalSection
EndGlobal
